// !$*UTF8*$!
{
	archiveVersion = 1;
	classes = {
	};
	objectVersion = 55;
	objects = {

/* Begin PBXBuildFile section */
		32695A952766B50F0010C949 /* CombineMoya in Frameworks */ = {isa = PBXBuildFile; productRef = 32695A942766B50F0010C949 /* CombineMoya */; };
		32695A972766B5870010C949 /* VIPERInterface.swift in Sources */ = {isa = PBXBuildFile; fileRef = 32695A962766B5870010C949 /* VIPERInterface.swift */; };
		32695A9C2766FFAD0010C949 /* RequestDecodable.swift in Sources */ = {isa = PBXBuildFile; fileRef = 32695A9B2766FFAD0010C949 /* RequestDecodable.swift */; };
		32695AA0276705590010C949 /* Repository.swift in Sources */ = {isa = PBXBuildFile; fileRef = 32695A9F276705590010C949 /* Repository.swift */; };
		32695AA227670A2A0010C949 /* MovieListService.swift in Sources */ = {isa = PBXBuildFile; fileRef = 32695AA127670A2A0010C949 /* MovieListService.swift */; };
		32695AA427670B4C0010C949 /* VIPER_Diagram.svg in Resources */ = {isa = PBXBuildFile; fileRef = 32695AA327670B4C0010C949 /* VIPER_Diagram.svg */; };
		32695AA6276715690010C949 /* ServiceResponse.swift in Sources */ = {isa = PBXBuildFile; fileRef = 32695AA5276715690010C949 /* ServiceResponse.swift */; };
		32695AAB276717190010C949 /* Constants.swift in Sources */ = {isa = PBXBuildFile; fileRef = 32695AAA276717190010C949 /* Constants.swift */; };
		32CF116C2762A3AB000BBB02 /* AppDelegate.swift in Sources */ = {isa = PBXBuildFile; fileRef = 32CF116B2762A3AB000BBB02 /* AppDelegate.swift */; };
		32CF116E2762A3AB000BBB02 /* SceneDelegate.swift in Sources */ = {isa = PBXBuildFile; fileRef = 32CF116D2762A3AB000BBB02 /* SceneDelegate.swift */; };
		32CF11702762A3AB000BBB02 /* MovieListController.swift in Sources */ = {isa = PBXBuildFile; fileRef = 32CF116F2762A3AB000BBB02 /* MovieListController.swift */; };
		32CF11732762A3AB000BBB02 /* Main.storyboard in Resources */ = {isa = PBXBuildFile; fileRef = 32CF11712762A3AB000BBB02 /* Main.storyboard */; };
		32CF11752762A3AF000BBB02 /* Assets.xcassets in Resources */ = {isa = PBXBuildFile; fileRef = 32CF11742762A3AF000BBB02 /* Assets.xcassets */; };
		32CF11782762A3AF000BBB02 /* LaunchScreen.storyboard in Resources */ = {isa = PBXBuildFile; fileRef = 32CF11762762A3AF000BBB02 /* LaunchScreen.storyboard */; };
		32CF11832762C653000BBB02 /* PresenterInterface.swift in Sources */ = {isa = PBXBuildFile; fileRef = 32CF11822762C653000BBB02 /* PresenterInterface.swift */; };
		32CF11852762C65D000BBB02 /* InteractorInterface.swift in Sources */ = {isa = PBXBuildFile; fileRef = 32CF11842762C65D000BBB02 /* InteractorInterface.swift */; };
		32CF11872762C676000BBB02 /* ViewInterface.swift in Sources */ = {isa = PBXBuildFile; fileRef = 32CF11862762C676000BBB02 /* ViewInterface.swift */; };
		32CF118D2762C912000BBB02 /* Requestable.swift in Sources */ = {isa = PBXBuildFile; fileRef = 32CF118C2762C912000BBB02 /* Requestable.swift */; };
		32CF11942762CE23000BBB02 /* MovieListView.swift in Sources */ = {isa = PBXBuildFile; fileRef = 32CF11932762CE23000BBB02 /* MovieListView.swift */; };
		32CF11962762CE2E000BBB02 /* MovieListPresenter.swift in Sources */ = {isa = PBXBuildFile; fileRef = 32CF11952762CE2E000BBB02 /* MovieListPresenter.swift */; };
		32CF11982762CE39000BBB02 /* MovieListInteractor.swift in Sources */ = {isa = PBXBuildFile; fileRef = 32CF11972762CE39000BBB02 /* MovieListInteractor.swift */; };
		32CF119A2762CE4C000BBB02 /* MovieListRouter.swift in Sources */ = {isa = PBXBuildFile; fileRef = 32CF11992762CE4C000BBB02 /* MovieListRouter.swift */; };
		32CF119C2762CE64000BBB02 /* MovieListModel.swift in Sources */ = {isa = PBXBuildFile; fileRef = 32CF119B2762CE64000BBB02 /* MovieListModel.swift */; };
		32CF119E2762CE98000BBB02 /* MovieListProvider.swift in Sources */ = {isa = PBXBuildFile; fileRef = 32CF119D2762CE98000BBB02 /* MovieListProvider.swift */; };
		32CF11A02762CEA5000BBB02 /* MovieListRepository.swift in Sources */ = {isa = PBXBuildFile; fileRef = 32CF119F2762CEA5000BBB02 /* MovieListRepository.swift */; };
		32CF11A22762CEF4000BBB02 /* MovieListRequest.swift in Sources */ = {isa = PBXBuildFile; fileRef = 32CF11A12762CEF4000BBB02 /* MovieListRequest.swift */; };
		32CF11AA276301E6000BBB02 /* MovieListView.xib in Resources */ = {isa = PBXBuildFile; fileRef = 32CF11A9276301E6000BBB02 /* MovieListView.xib */; };
		32CF11AE27630428000BBB02 /* MovieListCellView.swift in Sources */ = {isa = PBXBuildFile; fileRef = 32CF11AD27630428000BBB02 /* MovieListCellView.swift */; };
		32CF11B027630439000BBB02 /* MovieListCellView.xib in Resources */ = {isa = PBXBuildFile; fileRef = 32CF11AF27630438000BBB02 /* MovieListCellView.xib */; };
		32CF11B327630593000BBB02 /* NibType.swift in Sources */ = {isa = PBXBuildFile; fileRef = 32CF11B227630593000BBB02 /* NibType.swift */; };
		32CF11B927630901000BBB02 /* CellProtocol.swift in Sources */ = {isa = PBXBuildFile; fileRef = 32CF11B827630901000BBB02 /* CellProtocol.swift */; };
		32CF11BB27630949000BBB02 /* MovieListCellModel.swift in Sources */ = {isa = PBXBuildFile; fileRef = 32CF11BA27630949000BBB02 /* MovieListCellModel.swift */; };
		32CF11C027630D02000BBB02 /* RouterInterface.swift in Sources */ = {isa = PBXBuildFile; fileRef = 32CF11BF27630D02000BBB02 /* RouterInterface.swift */; };
		32CF11C227630E23000BBB02 /* ModelInterface.swift in Sources */ = {isa = PBXBuildFile; fileRef = 32CF11C127630E23000BBB02 /* ModelInterface.swift */; };
		32CF11C427631340000BBB02 /* ProviderInterface.swift in Sources */ = {isa = PBXBuildFile; fileRef = 32CF11C327631340000BBB02 /* ProviderInterface.swift */; };
		32CF11C62763137C000BBB02 /* RepositoryInterface.swift in Sources */ = {isa = PBXBuildFile; fileRef = 32CF11C52763137C000BBB02 /* RepositoryInterface.swift */; };
		32CF11C8276313C8000BBB02 /* Persistence.swift in Sources */ = {isa = PBXBuildFile; fileRef = 32CF11C7276313C8000BBB02 /* Persistence.swift */; };
		7E73977C27657B4C00E426EF /* View.swift in Sources */ = {isa = PBXBuildFile; fileRef = 7E73977B27657B4C00E426EF /* View.swift */; };
		7EE3A67B27673C0F00C9C364 /* AuthPlugin.swift in Sources */ = {isa = PBXBuildFile; fileRef = 7EE3A67A27673C0F00C9C364 /* AuthPlugin.swift */; };
		7EE3A67D27673C3300C9C364 /* ServiceProvider.swift in Sources */ = {isa = PBXBuildFile; fileRef = 7EE3A67C27673C3300C9C364 /* ServiceProvider.swift */; };
		7EE3A68027673D1900C9C364 /* TargetType.swift in Sources */ = {isa = PBXBuildFile; fileRef = 7EE3A67F27673D1900C9C364 /* TargetType.swift */; };
		7EE3A6862767577400C9C364 /* NoticeView.swift in Sources */ = {isa = PBXBuildFile; fileRef = 7EE3A6852767577400C9C364 /* NoticeView.swift */; };
		7EE3A689276758E800C9C364 /* Notice.swift in Sources */ = {isa = PBXBuildFile; fileRef = 7EE3A688276758E800C9C364 /* Notice.swift */; };
		7EE3A68C276759EF00C9C364 /* CollectionHelpers.swift in Sources */ = {isa = PBXBuildFile; fileRef = 7EE3A68B276759EF00C9C364 /* CollectionHelpers.swift */; };
		7EE3A68F27675CB600C9C364 /* ErrorNotice.xib in Resources */ = {isa = PBXBuildFile; fileRef = 7EE3A68D27675CB500C9C364 /* ErrorNotice.xib */; };
		7EE3A69027675CB600C9C364 /* ErrorNotice.swift in Sources */ = {isa = PBXBuildFile; fileRef = 7EE3A68E27675CB500C9C364 /* ErrorNotice.swift */; };
/* End PBXBuildFile section */

/* Begin PBXFileReference section */
		32695A962766B5870010C949 /* VIPERInterface.swift */ = {isa = PBXFileReference; fileEncoding = 4; lastKnownFileType = sourcecode.swift; path = VIPERInterface.swift; sourceTree = "<group>"; };
		32695A9A2766B5D50010C949 /* Combine-VIPER.entitlements */ = {isa = PBXFileReference; lastKnownFileType = text.plist.entitlements; path = "Combine-VIPER.entitlements"; sourceTree = "<group>"; };
		32695A9B2766FFAD0010C949 /* RequestDecodable.swift */ = {isa = PBXFileReference; lastKnownFileType = sourcecode.swift; path = RequestDecodable.swift; sourceTree = "<group>"; };
		32695A9F276705590010C949 /* Repository.swift */ = {isa = PBXFileReference; lastKnownFileType = sourcecode.swift; path = Repository.swift; sourceTree = "<group>"; };
		32695AA127670A2A0010C949 /* MovieListService.swift */ = {isa = PBXFileReference; lastKnownFileType = sourcecode.swift; path = MovieListService.swift; sourceTree = "<group>"; };
		32695AA327670B4C0010C949 /* VIPER_Diagram.svg */ = {isa = PBXFileReference; fileEncoding = 4; lastKnownFileType = text; path = VIPER_Diagram.svg; sourceTree = "<group>"; };
		32695AA5276715690010C949 /* ServiceResponse.swift */ = {isa = PBXFileReference; fileEncoding = 4; lastKnownFileType = sourcecode.swift; name = ServiceResponse.swift; path = "Combine-VIPER/Core/ServiceResponse.swift"; sourceTree = SOURCE_ROOT; };
		32695AA8276716590010C949 /* authConfig.example.xcconfig */ = {isa = PBXFileReference; lastKnownFileType = text.xcconfig; path = authConfig.example.xcconfig; sourceTree = "<group>"; };
		32695AA92767166E0010C949 /* authConfig.xcconfig */ = {isa = PBXFileReference; lastKnownFileType = text.xcconfig; path = authConfig.xcconfig; sourceTree = "<group>"; };
		32695AAA276717190010C949 /* Constants.swift */ = {isa = PBXFileReference; lastKnownFileType = sourcecode.swift; path = Constants.swift; sourceTree = "<group>"; };
		32CF11682762A3AB000BBB02 /* Combine-VIPER.app */ = {isa = PBXFileReference; explicitFileType = wrapper.application; includeInIndex = 0; path = "Combine-VIPER.app"; sourceTree = BUILT_PRODUCTS_DIR; };
		32CF116B2762A3AB000BBB02 /* AppDelegate.swift */ = {isa = PBXFileReference; lastKnownFileType = sourcecode.swift; path = AppDelegate.swift; sourceTree = "<group>"; };
		32CF116D2762A3AB000BBB02 /* SceneDelegate.swift */ = {isa = PBXFileReference; lastKnownFileType = sourcecode.swift; path = SceneDelegate.swift; sourceTree = "<group>"; };
		32CF116F2762A3AB000BBB02 /* MovieListController.swift */ = {isa = PBXFileReference; lastKnownFileType = sourcecode.swift; path = MovieListController.swift; sourceTree = "<group>"; };
		32CF11722762A3AB000BBB02 /* Base */ = {isa = PBXFileReference; lastKnownFileType = file.storyboard; name = Base; path = Base.lproj/Main.storyboard; sourceTree = "<group>"; };
		32CF11742762A3AF000BBB02 /* Assets.xcassets */ = {isa = PBXFileReference; lastKnownFileType = folder.assetcatalog; path = Assets.xcassets; sourceTree = "<group>"; };
		32CF11772762A3AF000BBB02 /* Base */ = {isa = PBXFileReference; lastKnownFileType = file.storyboard; name = Base; path = Base.lproj/LaunchScreen.storyboard; sourceTree = "<group>"; };
		32CF11792762A3AF000BBB02 /* Info.plist */ = {isa = PBXFileReference; lastKnownFileType = text.plist.xml; path = Info.plist; sourceTree = "<group>"; };
		32CF11822762C653000BBB02 /* PresenterInterface.swift */ = {isa = PBXFileReference; lastKnownFileType = sourcecode.swift; path = PresenterInterface.swift; sourceTree = "<group>"; };
		32CF11842762C65D000BBB02 /* InteractorInterface.swift */ = {isa = PBXFileReference; lastKnownFileType = sourcecode.swift; path = InteractorInterface.swift; sourceTree = "<group>"; };
		32CF11862762C676000BBB02 /* ViewInterface.swift */ = {isa = PBXFileReference; lastKnownFileType = sourcecode.swift; path = ViewInterface.swift; sourceTree = "<group>"; };
		32CF118C2762C912000BBB02 /* Requestable.swift */ = {isa = PBXFileReference; lastKnownFileType = sourcecode.swift; path = Requestable.swift; sourceTree = "<group>"; };
		32CF11932762CE23000BBB02 /* MovieListView.swift */ = {isa = PBXFileReference; lastKnownFileType = sourcecode.swift; path = MovieListView.swift; sourceTree = "<group>"; };
		32CF11952762CE2E000BBB02 /* MovieListPresenter.swift */ = {isa = PBXFileReference; lastKnownFileType = sourcecode.swift; path = MovieListPresenter.swift; sourceTree = "<group>"; };
		32CF11972762CE39000BBB02 /* MovieListInteractor.swift */ = {isa = PBXFileReference; lastKnownFileType = sourcecode.swift; path = MovieListInteractor.swift; sourceTree = "<group>"; };
		32CF11992762CE4C000BBB02 /* MovieListRouter.swift */ = {isa = PBXFileReference; lastKnownFileType = sourcecode.swift; path = MovieListRouter.swift; sourceTree = "<group>"; };
		32CF119B2762CE64000BBB02 /* MovieListModel.swift */ = {isa = PBXFileReference; lastKnownFileType = sourcecode.swift; path = MovieListModel.swift; sourceTree = "<group>"; };
		32CF119D2762CE98000BBB02 /* MovieListProvider.swift */ = {isa = PBXFileReference; lastKnownFileType = sourcecode.swift; path = MovieListProvider.swift; sourceTree = "<group>"; };
		32CF119F2762CEA5000BBB02 /* MovieListRepository.swift */ = {isa = PBXFileReference; lastKnownFileType = sourcecode.swift; path = MovieListRepository.swift; sourceTree = "<group>"; };
		32CF11A12762CEF4000BBB02 /* MovieListRequest.swift */ = {isa = PBXFileReference; lastKnownFileType = sourcecode.swift; path = MovieListRequest.swift; sourceTree = "<group>"; };
		32CF11A9276301E6000BBB02 /* MovieListView.xib */ = {isa = PBXFileReference; lastKnownFileType = file.xib; path = MovieListView.xib; sourceTree = "<group>"; };
		32CF11AD27630428000BBB02 /* MovieListCellView.swift */ = {isa = PBXFileReference; lastKnownFileType = sourcecode.swift; path = MovieListCellView.swift; sourceTree = "<group>"; };
		32CF11AF27630438000BBB02 /* MovieListCellView.xib */ = {isa = PBXFileReference; lastKnownFileType = file.xib; path = MovieListCellView.xib; sourceTree = "<group>"; };
		32CF11B227630593000BBB02 /* NibType.swift */ = {isa = PBXFileReference; lastKnownFileType = sourcecode.swift; path = NibType.swift; sourceTree = "<group>"; };
		32CF11B827630901000BBB02 /* CellProtocol.swift */ = {isa = PBXFileReference; lastKnownFileType = sourcecode.swift; path = CellProtocol.swift; sourceTree = "<group>"; };
		32CF11BA27630949000BBB02 /* MovieListCellModel.swift */ = {isa = PBXFileReference; lastKnownFileType = sourcecode.swift; path = MovieListCellModel.swift; sourceTree = "<group>"; };
		32CF11BF27630D02000BBB02 /* RouterInterface.swift */ = {isa = PBXFileReference; lastKnownFileType = sourcecode.swift; path = RouterInterface.swift; sourceTree = "<group>"; };
		32CF11C127630E23000BBB02 /* ModelInterface.swift */ = {isa = PBXFileReference; lastKnownFileType = sourcecode.swift; path = ModelInterface.swift; sourceTree = "<group>"; };
		32CF11C327631340000BBB02 /* ProviderInterface.swift */ = {isa = PBXFileReference; lastKnownFileType = sourcecode.swift; path = ProviderInterface.swift; sourceTree = "<group>"; };
		32CF11C52763137C000BBB02 /* RepositoryInterface.swift */ = {isa = PBXFileReference; lastKnownFileType = sourcecode.swift; path = RepositoryInterface.swift; sourceTree = "<group>"; };
		32CF11C7276313C8000BBB02 /* Persistence.swift */ = {isa = PBXFileReference; lastKnownFileType = sourcecode.swift; path = Persistence.swift; sourceTree = "<group>"; };
		32F5D96B2767FC61001F63E6 /* README.md */ = {isa = PBXFileReference; lastKnownFileType = net.daringfireball.markdown; path = README.md; sourceTree = "<group>"; };
		32F5D96D2767FDF8001F63E6 /* TMDBLogo.svg */ = {isa = PBXFileReference; lastKnownFileType = text; path = TMDBLogo.svg; sourceTree = "<group>"; };
		7E73977B27657B4C00E426EF /* View.swift */ = {isa = PBXFileReference; lastKnownFileType = sourcecode.swift; path = View.swift; sourceTree = "<group>"; };
		7EE3A67A27673C0F00C9C364 /* AuthPlugin.swift */ = {isa = PBXFileReference; lastKnownFileType = sourcecode.swift; path = AuthPlugin.swift; sourceTree = "<group>"; };
		7EE3A67C27673C3300C9C364 /* ServiceProvider.swift */ = {isa = PBXFileReference; lastKnownFileType = sourcecode.swift; path = ServiceProvider.swift; sourceTree = "<group>"; };
		7EE3A67F27673D1900C9C364 /* TargetType.swift */ = {isa = PBXFileReference; lastKnownFileType = sourcecode.swift; path = TargetType.swift; sourceTree = "<group>"; };
		7EE3A6852767577400C9C364 /* NoticeView.swift */ = {isa = PBXFileReference; lastKnownFileType = sourcecode.swift; path = NoticeView.swift; sourceTree = "<group>"; };
		7EE3A688276758E800C9C364 /* Notice.swift */ = {isa = PBXFileReference; lastKnownFileType = sourcecode.swift; path = Notice.swift; sourceTree = "<group>"; };
		7EE3A68B276759EF00C9C364 /* CollectionHelpers.swift */ = {isa = PBXFileReference; lastKnownFileType = sourcecode.swift; path = CollectionHelpers.swift; sourceTree = "<group>"; };
		7EE3A68D27675CB500C9C364 /* ErrorNotice.xib */ = {isa = PBXFileReference; fileEncoding = 4; lastKnownFileType = file.xib; path = ErrorNotice.xib; sourceTree = "<group>"; };
		7EE3A68E27675CB500C9C364 /* ErrorNotice.swift */ = {isa = PBXFileReference; fileEncoding = 4; lastKnownFileType = sourcecode.swift; path = ErrorNotice.swift; sourceTree = "<group>"; };
/* End PBXFileReference section */

/* Begin PBXFrameworksBuildPhase section */
		32CF11652762A3AB000BBB02 /* Frameworks */ = {
			isa = PBXFrameworksBuildPhase;
			buildActionMask = 2147483647;
			files = (
				32695A952766B50F0010C949 /* CombineMoya in Frameworks */,
			);
			runOnlyForDeploymentPostprocessing = 0;
		};
/* End PBXFrameworksBuildPhase section */

/* Begin PBXGroup section */
		32695AA72767161B0010C949 /* AuthConfig */ = {
			isa = PBXGroup;
			children = (
				32695AA8276716590010C949 /* authConfig.example.xcconfig */,
				32695AA92767166E0010C949 /* authConfig.xcconfig */,
			);
			path = AuthConfig;
			sourceTree = "<group>";
		};
		32CF115F2762A3AB000BBB02 = {
			isa = PBXGroup;
			children = (
				32CF116A2762A3AB000BBB02 /* Combine-VIPER */,
				32695AA72767161B0010C949 /* AuthConfig */,
				32CF11A32762FD4C000BBB02 /* Documentation */,
				32CF11692762A3AB000BBB02 /* Products */,
			);
			sourceTree = "<group>";
		};
		32CF11692762A3AB000BBB02 /* Products */ = {
			isa = PBXGroup;
			children = (
				32CF11682762A3AB000BBB02 /* Combine-VIPER.app */,
			);
			name = Products;
			sourceTree = "<group>";
		};
		32CF116A2762A3AB000BBB02 /* Combine-VIPER */ = {
			isa = PBXGroup;
			children = (
				32695A9A2766B5D50010C949 /* Combine-VIPER.entitlements */,
				32CF116B2762A3AB000BBB02 /* AppDelegate.swift */,
				32CF116D2762A3AB000BBB02 /* SceneDelegate.swift */,
				32CF11B42763059C000BBB02 /* Core */,
				32CF11B5276305AF000BBB02 /* Movies */,
				7E7397782763E7BE00E426EF /* Storyboards */,
				7E73977A2763E7F300E426EF /* PropertyLists */,
				7E7397792763E7D900E426EF /* Resources */,
			);
			path = "Combine-VIPER";
			sourceTree = "<group>";
		};
		32CF117F2762C0ED000BBB02 /* MovieListModule */ = {
			isa = PBXGroup;
			children = (
				32CF116F2762A3AB000BBB02 /* MovieListController.swift */,
				32CF11922762C9E1000BBB02 /* VIPER */,
				32CF11912762C9D1000BBB02 /* Networking */,
			);
			path = MovieListModule;
			sourceTree = "<group>";
		};
		32CF11802762C28C000BBB02 /* MovieDetailModule */ = {
			isa = PBXGroup;
			children = (
			);
			path = MovieDetailModule;
			sourceTree = "<group>";
		};
		32CF118A2762C7CB000BBB02 /* VIPER */ = {
			isa = PBXGroup;
			children = (
				32695A962766B5870010C949 /* VIPERInterface.swift */,
				32CF11862762C676000BBB02 /* ViewInterface.swift */,
				32CF11822762C653000BBB02 /* PresenterInterface.swift */,
				32CF11BF27630D02000BBB02 /* RouterInterface.swift */,
				32CF11842762C65D000BBB02 /* InteractorInterface.swift */,
				32CF11C127630E23000BBB02 /* ModelInterface.swift */,
			);
			path = VIPER;
			sourceTree = "<group>";
		};
		32CF118E2762C965000BBB02 /* Networking */ = {
			isa = PBXGroup;
			children = (
				32CF11C7276313C8000BBB02 /* Persistence.swift */,
				32695A9F276705590010C949 /* Repository.swift */,
				7EE3A67A27673C0F00C9C364 /* AuthPlugin.swift */,
				7EE3A67C27673C3300C9C364 /* ServiceProvider.swift */,
				32695AA5276715690010C949 /* ServiceResponse.swift */,
				32CF118F2762C976000BBB02 /* Protocols */,
				7EE3A67E27673D0600C9C364 /* Extensions */,
			);
			path = Networking;
			sourceTree = "<group>";
		};
		32CF118F2762C976000BBB02 /* Protocols */ = {
			isa = PBXGroup;
			children = (
				32CF11C327631340000BBB02 /* ProviderInterface.swift */,
				32CF11C52763137C000BBB02 /* RepositoryInterface.swift */,
				32CF118C2762C912000BBB02 /* Requestable.swift */,
				32695A9B2766FFAD0010C949 /* RequestDecodable.swift */,
			);
			path = Protocols;
			sourceTree = "<group>";
		};
		32CF11912762C9D1000BBB02 /* Networking */ = {
			isa = PBXGroup;
			children = (
				32CF119D2762CE98000BBB02 /* MovieListProvider.swift */,
				32CF119F2762CEA5000BBB02 /* MovieListRepository.swift */,
				32695AA127670A2A0010C949 /* MovieListService.swift */,
				32CF11A12762CEF4000BBB02 /* MovieListRequest.swift */,
			);
			path = Networking;
			sourceTree = "<group>";
		};
		32CF11922762C9E1000BBB02 /* VIPER */ = {
			isa = PBXGroup;
			children = (
				32CF11AC276303E9000BBB02 /* Cell */,
				32CF11A9276301E6000BBB02 /* MovieListView.xib */,
				32CF11932762CE23000BBB02 /* MovieListView.swift */,
				32CF11952762CE2E000BBB02 /* MovieListPresenter.swift */,
				32CF11972762CE39000BBB02 /* MovieListInteractor.swift */,
				32CF119B2762CE64000BBB02 /* MovieListModel.swift */,
				32CF11992762CE4C000BBB02 /* MovieListRouter.swift */,
			);
			path = VIPER;
			sourceTree = "<group>";
		};
		32CF11A32762FD4C000BBB02 /* Documentation */ = {
			isa = PBXGroup;
			children = (
				32F5D96C2767FDE1001F63E6 /* ReadMe */,
				32695AA327670B4C0010C949 /* VIPER_Diagram.svg */,
			);
			path = Documentation;
			sourceTree = "<group>";
		};
		32CF11AC276303E9000BBB02 /* Cell */ = {
			isa = PBXGroup;
			children = (
				32CF11AF27630438000BBB02 /* MovieListCellView.xib */,
				32CF11AD27630428000BBB02 /* MovieListCellView.swift */,
				32CF11BA27630949000BBB02 /* MovieListCellModel.swift */,
			);
			path = Cell;
			sourceTree = "<group>";
		};
		32CF11B12763057F000BBB02 /* Protocols */ = {
			isa = PBXGroup;
			children = (
				32CF11B227630593000BBB02 /* NibType.swift */,
				32CF11B827630901000BBB02 /* CellProtocol.swift */,
			);
			path = Protocols;
			sourceTree = "<group>";
		};
		32CF11B42763059C000BBB02 /* Core */ = {
			isa = PBXGroup;
			children = (
				32695AAA276717190010C949 /* Constants.swift */,
				32CF118A2762C7CB000BBB02 /* VIPER */,
				32CF118E2762C965000BBB02 /* Networking */,
				7EE3A687276758CE00C9C364 /* Models */,
				7EE3A683276756B700C9C364 /* Views */,
				7EE3A6842767573100C9C364 /* Util */,
			);
			path = Core;
			sourceTree = "<group>";
		};
		32CF11B5276305AF000BBB02 /* Movies */ = {
			isa = PBXGroup;
			children = (
				32CF117F2762C0ED000BBB02 /* MovieListModule */,
				32CF11802762C28C000BBB02 /* MovieDetailModule */,
			);
			path = Movies;
			sourceTree = "<group>";
		};
		32F5D96C2767FDE1001F63E6 /* ReadMe */ = {
			isa = PBXGroup;
			children = (
				32F5D96B2767FC61001F63E6 /* README.md */,
				32F5D96D2767FDF8001F63E6 /* TMDBLogo.svg */,
			);
			path = ReadMe;
			sourceTree = "<group>";
		};
		7E7397782763E7BE00E426EF /* Storyboards */ = {
			isa = PBXGroup;
			children = (
				32CF11712762A3AB000BBB02 /* Main.storyboard */,
				32CF11762762A3AF000BBB02 /* LaunchScreen.storyboard */,
			);
			path = Storyboards;
			sourceTree = "<group>";
		};
		7E7397792763E7D900E426EF /* Resources */ = {
			isa = PBXGroup;
			children = (
				32CF11742762A3AF000BBB02 /* Assets.xcassets */,
			);
			path = Resources;
			sourceTree = "<group>";
		};
		7E73977A2763E7F300E426EF /* PropertyLists */ = {
			isa = PBXGroup;
			children = (
				32CF11792762A3AF000BBB02 /* Info.plist */,
			);
			path = PropertyLists;
			sourceTree = "<group>";
		};
		7EE3A67E27673D0600C9C364 /* Extensions */ = {
			isa = PBXGroup;
			children = (
				7EE3A67F27673D1900C9C364 /* TargetType.swift */,
			);
			path = Extensions;
			sourceTree = "<group>";
		};
		7EE3A683276756B700C9C364 /* Views */ = {
			isa = PBXGroup;
			children = (
				7E73977B27657B4C00E426EF /* View.swift */,
				7EE3A69127675CBC00C9C364 /* Notices */,
				32CF11B12763057F000BBB02 /* Protocols */,
			);
			path = Views;
			sourceTree = "<group>";
		};
		7EE3A6842767573100C9C364 /* Util */ = {
			isa = PBXGroup;
			children = (
				7EE3A68A276759E000C9C364 /* Extensions */,
			);
			path = Util;
			sourceTree = "<group>";
		};
		7EE3A687276758CE00C9C364 /* Models */ = {
			isa = PBXGroup;
			children = (
				7EE3A688276758E800C9C364 /* Notice.swift */,
			);
			path = Models;
			sourceTree = "<group>";
		};
		7EE3A68A276759E000C9C364 /* Extensions */ = {
			isa = PBXGroup;
			children = (
				7EE3A68B276759EF00C9C364 /* CollectionHelpers.swift */,
			);
			path = Extensions;
			sourceTree = "<group>";
		};
		7EE3A69127675CBC00C9C364 /* Notices */ = {
			isa = PBXGroup;
			children = (
				7EE3A6852767577400C9C364 /* NoticeView.swift */,
				7EE3A68E27675CB500C9C364 /* ErrorNotice.swift */,
				7EE3A68D27675CB500C9C364 /* ErrorNotice.xib */,
			);
			path = Notices;
			sourceTree = "<group>";
		};
/* End PBXGroup section */

/* Begin PBXNativeTarget section */
		32CF11672762A3AB000BBB02 /* Combine-VIPER */ = {
			isa = PBXNativeTarget;
			buildConfigurationList = 32CF117C2762A3AF000BBB02 /* Build configuration list for PBXNativeTarget "Combine-VIPER" */;
			buildPhases = (
				32CF11642762A3AB000BBB02 /* Sources */,
				32CF11652762A3AB000BBB02 /* Frameworks */,
				32CF11662762A3AB000BBB02 /* Resources */,
			);
			buildRules = (
			);
			dependencies = (
			);
			name = "Combine-VIPER";
			packageProductDependencies = (
				32695A942766B50F0010C949 /* CombineMoya */,
			);
			productName = "Combine-VIPER";
			productReference = 32CF11682762A3AB000BBB02 /* Combine-VIPER.app */;
			productType = "com.apple.product-type.application";
		};
/* End PBXNativeTarget section */

/* Begin PBXProject section */
		32CF11602762A3AB000BBB02 /* Project object */ = {
			isa = PBXProject;
			attributes = {
				BuildIndependentTargetsInParallel = 1;
				LastSwiftUpdateCheck = 1310;
				LastUpgradeCheck = 1310;
				TargetAttributes = {
					32CF11672762A3AB000BBB02 = {
						CreatedOnToolsVersion = 13.1;
					};
				};
			};
			buildConfigurationList = 32CF11632762A3AB000BBB02 /* Build configuration list for PBXProject "Combine-VIPER" */;
			compatibilityVersion = "Xcode 13.0";
			developmentRegion = en;
			hasScannedForEncodings = 0;
			knownRegions = (
				en,
				Base,
			);
			mainGroup = 32CF115F2762A3AB000BBB02;
			packageReferences = (
				32695A932766B50F0010C949 /* XCRemoteSwiftPackageReference "Moya" */,
			);
			productRefGroup = 32CF11692762A3AB000BBB02 /* Products */;
			projectDirPath = "";
			projectRoot = "";
			targets = (
				32CF11672762A3AB000BBB02 /* Combine-VIPER */,
			);
		};
/* End PBXProject section */

/* Begin PBXResourcesBuildPhase section */
		32CF11662762A3AB000BBB02 /* Resources */ = {
			isa = PBXResourcesBuildPhase;
			buildActionMask = 2147483647;
			files = (
				32CF11782762A3AF000BBB02 /* LaunchScreen.storyboard in Resources */,
				32CF11AA276301E6000BBB02 /* MovieListView.xib in Resources */,
				32CF11B027630439000BBB02 /* MovieListCellView.xib in Resources */,
				32695AA427670B4C0010C949 /* VIPER_Diagram.svg in Resources */,
				32CF11752762A3AF000BBB02 /* Assets.xcassets in Resources */,
				7EE3A68F27675CB600C9C364 /* ErrorNotice.xib in Resources */,
				32CF11732762A3AB000BBB02 /* Main.storyboard in Resources */,
			);
			runOnlyForDeploymentPostprocessing = 0;
		};
/* End PBXResourcesBuildPhase section */

/* Begin PBXSourcesBuildPhase section */
		32CF11642762A3AB000BBB02 /* Sources */ = {
			isa = PBXSourcesBuildPhase;
			buildActionMask = 2147483647;
			files = (
				32CF119C2762CE64000BBB02 /* MovieListModel.swift in Sources */,
				32CF11B927630901000BBB02 /* CellProtocol.swift in Sources */,
				32695A972766B5870010C949 /* VIPERInterface.swift in Sources */,
				32CF11702762A3AB000BBB02 /* MovieListController.swift in Sources */,
				32CF11962762CE2E000BBB02 /* MovieListPresenter.swift in Sources */,
				32CF11C027630D02000BBB02 /* RouterInterface.swift in Sources */,
				7EE3A6862767577400C9C364 /* NoticeView.swift in Sources */,
				7EE3A689276758E800C9C364 /* Notice.swift in Sources */,
				32695AAB276717190010C949 /* Constants.swift in Sources */,
				32CF116C2762A3AB000BBB02 /* AppDelegate.swift in Sources */,
				32CF11C427631340000BBB02 /* ProviderInterface.swift in Sources */,
				7EE3A67D27673C3300C9C364 /* ServiceProvider.swift in Sources */,
				32695AA6276715690010C949 /* ServiceResponse.swift in Sources */,
				32CF119A2762CE4C000BBB02 /* MovieListRouter.swift in Sources */,
				32CF11852762C65D000BBB02 /* InteractorInterface.swift in Sources */,
				7EE3A69027675CB600C9C364 /* ErrorNotice.swift in Sources */,
				32CF11C8276313C8000BBB02 /* Persistence.swift in Sources */,
				32CF11A22762CEF4000BBB02 /* MovieListRequest.swift in Sources */,
				32CF11BB27630949000BBB02 /* MovieListCellModel.swift in Sources */,
				32CF11A02762CEA5000BBB02 /* MovieListRepository.swift in Sources */,
				7EE3A67B27673C0F00C9C364 /* AuthPlugin.swift in Sources */,
				32CF118D2762C912000BBB02 /* Requestable.swift in Sources */,
				7EE3A68027673D1900C9C364 /* TargetType.swift in Sources */,
				32695AA0276705590010C949 /* Repository.swift in Sources */,
				32695AA227670A2A0010C949 /* MovieListService.swift in Sources */,
				32CF11AE27630428000BBB02 /* MovieListCellView.swift in Sources */,
				32CF11C62763137C000BBB02 /* RepositoryInterface.swift in Sources */,
				32CF11B327630593000BBB02 /* NibType.swift in Sources */,
				32CF11C227630E23000BBB02 /* ModelInterface.swift in Sources */,
				32CF11832762C653000BBB02 /* PresenterInterface.swift in Sources */,
				32695A9C2766FFAD0010C949 /* RequestDecodable.swift in Sources */,
				7EE3A68C276759EF00C9C364 /* CollectionHelpers.swift in Sources */,
				32CF119E2762CE98000BBB02 /* MovieListProvider.swift in Sources */,
				32CF11942762CE23000BBB02 /* MovieListView.swift in Sources */,
				32CF11982762CE39000BBB02 /* MovieListInteractor.swift in Sources */,
				7E73977C27657B4C00E426EF /* View.swift in Sources */,
				32CF11872762C676000BBB02 /* ViewInterface.swift in Sources */,
				32CF116E2762A3AB000BBB02 /* SceneDelegate.swift in Sources */,
			);
			runOnlyForDeploymentPostprocessing = 0;
		};
/* End PBXSourcesBuildPhase section */

/* Begin PBXVariantGroup section */
		32CF11712762A3AB000BBB02 /* Main.storyboard */ = {
			isa = PBXVariantGroup;
			children = (
				32CF11722762A3AB000BBB02 /* Base */,
			);
			name = Main.storyboard;
			sourceTree = "<group>";
		};
		32CF11762762A3AF000BBB02 /* LaunchScreen.storyboard */ = {
			isa = PBXVariantGroup;
			children = (
				32CF11772762A3AF000BBB02 /* Base */,
			);
			name = LaunchScreen.storyboard;
			sourceTree = "<group>";
		};
/* End PBXVariantGroup section */

/* Begin XCBuildConfiguration section */
		32CF117A2762A3AF000BBB02 /* Debug */ = {
			isa = XCBuildConfiguration;
			baseConfigurationReference = 32695AA92767166E0010C949 /* authConfig.xcconfig */;
			buildSettings = {
				ALWAYS_SEARCH_USER_PATHS = NO;
				CLANG_ANALYZER_NONNULL = YES;
				CLANG_ANALYZER_NUMBER_OBJECT_CONVERSION = YES_AGGRESSIVE;
				CLANG_CXX_LANGUAGE_STANDARD = "gnu++17";
				CLANG_CXX_LIBRARY = "libc++";
				CLANG_ENABLE_MODULES = YES;
				CLANG_ENABLE_OBJC_ARC = YES;
				CLANG_ENABLE_OBJC_WEAK = YES;
				CLANG_WARN_BLOCK_CAPTURE_AUTORELEASING = YES;
				CLANG_WARN_BOOL_CONVERSION = YES;
				CLANG_WARN_COMMA = YES;
				CLANG_WARN_CONSTANT_CONVERSION = YES;
				CLANG_WARN_DEPRECATED_OBJC_IMPLEMENTATIONS = YES;
				CLANG_WARN_DIRECT_OBJC_ISA_USAGE = YES_ERROR;
				CLANG_WARN_DOCUMENTATION_COMMENTS = YES;
				CLANG_WARN_EMPTY_BODY = YES;
				CLANG_WARN_ENUM_CONVERSION = YES;
				CLANG_WARN_INFINITE_RECURSION = YES;
				CLANG_WARN_INT_CONVERSION = YES;
				CLANG_WARN_NON_LITERAL_NULL_CONVERSION = YES;
				CLANG_WARN_OBJC_IMPLICIT_RETAIN_SELF = YES;
				CLANG_WARN_OBJC_LITERAL_CONVERSION = YES;
				CLANG_WARN_OBJC_ROOT_CLASS = YES_ERROR;
				CLANG_WARN_QUOTED_INCLUDE_IN_FRAMEWORK_HEADER = YES;
				CLANG_WARN_RANGE_LOOP_ANALYSIS = YES;
				CLANG_WARN_STRICT_PROTOTYPES = YES;
				CLANG_WARN_SUSPICIOUS_MOVE = YES;
				CLANG_WARN_UNGUARDED_AVAILABILITY = YES_AGGRESSIVE;
				CLANG_WARN_UNREACHABLE_CODE = YES;
				CLANG_WARN__DUPLICATE_METHOD_MATCH = YES;
				COPY_PHASE_STRIP = NO;
				DEBUG_INFORMATION_FORMAT = dwarf;
				ENABLE_STRICT_OBJC_MSGSEND = YES;
				ENABLE_TESTABILITY = YES;
				GCC_C_LANGUAGE_STANDARD = gnu11;
				GCC_DYNAMIC_NO_PIC = NO;
				GCC_NO_COMMON_BLOCKS = YES;
				GCC_OPTIMIZATION_LEVEL = 0;
				GCC_PREPROCESSOR_DEFINITIONS = (
					"DEBUG=1",
					"$(inherited)",
				);
				GCC_WARN_64_TO_32_BIT_CONVERSION = YES;
				GCC_WARN_ABOUT_RETURN_TYPE = YES_ERROR;
				GCC_WARN_UNDECLARED_SELECTOR = YES;
				GCC_WARN_UNINITIALIZED_AUTOS = YES_AGGRESSIVE;
				GCC_WARN_UNUSED_FUNCTION = YES;
				GCC_WARN_UNUSED_VARIABLE = YES;
				IPHONEOS_DEPLOYMENT_TARGET = 15.0;
				MTL_ENABLE_DEBUG_INFO = INCLUDE_SOURCE;
				MTL_FAST_MATH = YES;
				ONLY_ACTIVE_ARCH = YES;
				SDKROOT = iphoneos;
				SWIFT_ACTIVE_COMPILATION_CONDITIONS = DEBUG;
				SWIFT_OPTIMIZATION_LEVEL = "-Onone";
			};
			name = Debug;
		};
		32CF117B2762A3AF000BBB02 /* Release */ = {
			isa = XCBuildConfiguration;
			baseConfigurationReference = 32695AA92767166E0010C949 /* authConfig.xcconfig */;
			buildSettings = {
				ALWAYS_SEARCH_USER_PATHS = NO;
				CLANG_ANALYZER_NONNULL = YES;
				CLANG_ANALYZER_NUMBER_OBJECT_CONVERSION = YES_AGGRESSIVE;
				CLANG_CXX_LANGUAGE_STANDARD = "gnu++17";
				CLANG_CXX_LIBRARY = "libc++";
				CLANG_ENABLE_MODULES = YES;
				CLANG_ENABLE_OBJC_ARC = YES;
				CLANG_ENABLE_OBJC_WEAK = YES;
				CLANG_WARN_BLOCK_CAPTURE_AUTORELEASING = YES;
				CLANG_WARN_BOOL_CONVERSION = YES;
				CLANG_WARN_COMMA = YES;
				CLANG_WARN_CONSTANT_CONVERSION = YES;
				CLANG_WARN_DEPRECATED_OBJC_IMPLEMENTATIONS = YES;
				CLANG_WARN_DIRECT_OBJC_ISA_USAGE = YES_ERROR;
				CLANG_WARN_DOCUMENTATION_COMMENTS = YES;
				CLANG_WARN_EMPTY_BODY = YES;
				CLANG_WARN_ENUM_CONVERSION = YES;
				CLANG_WARN_INFINITE_RECURSION = YES;
				CLANG_WARN_INT_CONVERSION = YES;
				CLANG_WARN_NON_LITERAL_NULL_CONVERSION = YES;
				CLANG_WARN_OBJC_IMPLICIT_RETAIN_SELF = YES;
				CLANG_WARN_OBJC_LITERAL_CONVERSION = YES;
				CLANG_WARN_OBJC_ROOT_CLASS = YES_ERROR;
				CLANG_WARN_QUOTED_INCLUDE_IN_FRAMEWORK_HEADER = YES;
				CLANG_WARN_RANGE_LOOP_ANALYSIS = YES;
				CLANG_WARN_STRICT_PROTOTYPES = YES;
				CLANG_WARN_SUSPICIOUS_MOVE = YES;
				CLANG_WARN_UNGUARDED_AVAILABILITY = YES_AGGRESSIVE;
				CLANG_WARN_UNREACHABLE_CODE = YES;
				CLANG_WARN__DUPLICATE_METHOD_MATCH = YES;
				COPY_PHASE_STRIP = NO;
				DEBUG_INFORMATION_FORMAT = "dwarf-with-dsym";
				ENABLE_NS_ASSERTIONS = NO;
				ENABLE_STRICT_OBJC_MSGSEND = YES;
				GCC_C_LANGUAGE_STANDARD = gnu11;
				GCC_NO_COMMON_BLOCKS = YES;
				GCC_WARN_64_TO_32_BIT_CONVERSION = YES;
				GCC_WARN_ABOUT_RETURN_TYPE = YES_ERROR;
				GCC_WARN_UNDECLARED_SELECTOR = YES;
				GCC_WARN_UNINITIALIZED_AUTOS = YES_AGGRESSIVE;
				GCC_WARN_UNUSED_FUNCTION = YES;
				GCC_WARN_UNUSED_VARIABLE = YES;
				IPHONEOS_DEPLOYMENT_TARGET = 15.0;
				MTL_ENABLE_DEBUG_INFO = NO;
				MTL_FAST_MATH = YES;
				SDKROOT = iphoneos;
				SWIFT_COMPILATION_MODE = wholemodule;
				SWIFT_OPTIMIZATION_LEVEL = "-O";
				VALIDATE_PRODUCT = YES;
			};
			name = Release;
		};
		32CF117D2762A3AF000BBB02 /* Debug */ = {
			isa = XCBuildConfiguration;
			buildSettings = {
				ASSETCATALOG_COMPILER_APPICON_NAME = AppIcon;
				ASSETCATALOG_COMPILER_GLOBAL_ACCENT_COLOR_NAME = AccentColor;
				CODE_SIGN_ENTITLEMENTS = "Combine-VIPER/Combine-VIPER.entitlements";
				CODE_SIGN_STYLE = Automatic;
				CURRENT_PROJECT_VERSION = 1;
				DEVELOPMENT_TEAM = TV9C62767F;
				GENERATE_INFOPLIST_FILE = YES;
				INFOPLIST_FILE = "Combine-VIPER/PropertyLists/Info.plist";
				INFOPLIST_KEY_UIApplicationSupportsIndirectInputEvents = YES;
				INFOPLIST_KEY_UILaunchStoryboardName = LaunchScreen;
				INFOPLIST_KEY_UIMainStoryboardFile = Main;
				INFOPLIST_KEY_UISupportedInterfaceOrientations = "";
				INFOPLIST_KEY_UISupportedInterfaceOrientations_iPad = "UIInterfaceOrientationPortrait UIInterfaceOrientationPortraitUpsideDown UIInterfaceOrientationLandscapeLeft UIInterfaceOrientationLandscapeRight";
				INFOPLIST_KEY_UISupportedInterfaceOrientations_iPhone = "UIInterfaceOrientationPortrait UIInterfaceOrientationLandscapeLeft UIInterfaceOrientationLandscapeRight";
				LD_RUNPATH_SEARCH_PATHS = (
					"$(inherited)",
					"@executable_path/Frameworks",
				);
				MARKETING_VERSION = 1.0;
				PRODUCT_BUNDLE_IDENTIFIER = "com.viper.Combine-VIPER";
				PRODUCT_NAME = "$(TARGET_NAME)";
				SUPPORTS_MACCATALYST = YES;
				SUPPORTS_MAC_DESIGNED_FOR_IPHONE_IPAD = YES;
				SWIFT_EMIT_LOC_STRINGS = YES;
				SWIFT_VERSION = 5.0;
				TARGETED_DEVICE_FAMILY = "1,2";
			};
			name = Debug;
		};
		32CF117E2762A3AF000BBB02 /* Release */ = {
			isa = XCBuildConfiguration;
			buildSettings = {
				ASSETCATALOG_COMPILER_APPICON_NAME = AppIcon;
				ASSETCATALOG_COMPILER_GLOBAL_ACCENT_COLOR_NAME = AccentColor;
				CODE_SIGN_ENTITLEMENTS = "Combine-VIPER/Combine-VIPER.entitlements";
				CODE_SIGN_STYLE = Automatic;
				CURRENT_PROJECT_VERSION = 1;
				DEVELOPMENT_TEAM = TV9C62767F;
				GENERATE_INFOPLIST_FILE = YES;
				INFOPLIST_FILE = "Combine-VIPER/PropertyLists/Info.plist";
				INFOPLIST_KEY_UIApplicationSupportsIndirectInputEvents = YES;
				INFOPLIST_KEY_UILaunchStoryboardName = LaunchScreen;
				INFOPLIST_KEY_UIMainStoryboardFile = Main;
				INFOPLIST_KEY_UISupportedInterfaceOrientations = "";
				INFOPLIST_KEY_UISupportedInterfaceOrientations_iPad = "UIInterfaceOrientationPortrait UIInterfaceOrientationPortraitUpsideDown UIInterfaceOrientationLandscapeLeft UIInterfaceOrientationLandscapeRight";
				INFOPLIST_KEY_UISupportedInterfaceOrientations_iPhone = "UIInterfaceOrientationPortrait UIInterfaceOrientationLandscapeLeft UIInterfaceOrientationLandscapeRight";
				LD_RUNPATH_SEARCH_PATHS = (
					"$(inherited)",
					"@executable_path/Frameworks",
				);
				MARKETING_VERSION = 1.0;
				PRODUCT_BUNDLE_IDENTIFIER = "com.viper.Combine-VIPER";
				PRODUCT_NAME = "$(TARGET_NAME)";
				SUPPORTS_MACCATALYST = YES;
				SUPPORTS_MAC_DESIGNED_FOR_IPHONE_IPAD = YES;
				SWIFT_EMIT_LOC_STRINGS = YES;
				SWIFT_VERSION = 5.0;
				TARGETED_DEVICE_FAMILY = "1,2";
			};
			name = Release;
		};
/* End XCBuildConfiguration section */

/* Begin XCConfigurationList section */
		32CF11632762A3AB000BBB02 /* Build configuration list for PBXProject "Combine-VIPER" */ = {
			isa = XCConfigurationList;
			buildConfigurations = (
				32CF117A2762A3AF000BBB02 /* Debug */,
				32CF117B2762A3AF000BBB02 /* Release */,
			);
			defaultConfigurationIsVisible = 0;
			defaultConfigurationName = Release;
		};
		32CF117C2762A3AF000BBB02 /* Build configuration list for PBXNativeTarget "Combine-VIPER" */ = {
			isa = XCConfigurationList;
			buildConfigurations = (
				32CF117D2762A3AF000BBB02 /* Debug */,
				32CF117E2762A3AF000BBB02 /* Release */,
			);
			defaultConfigurationIsVisible = 0;
			defaultConfigurationName = Release;
		};
/* End XCConfigurationList section */

/* Begin XCRemoteSwiftPackageReference section */
		32695A932766B50F0010C949 /* XCRemoteSwiftPackageReference "Moya" */ = {
			isa = XCRemoteSwiftPackageReference;
			repositoryURL = "https://github.com/Moya/Moya";
			requirement = {
				branch = master;
				kind = branch;
			};
		};
/* End XCRemoteSwiftPackageReference section */

/* Begin XCSwiftPackageProductDependency section */
		32695A942766B50F0010C949 /* CombineMoya */ = {
			isa = XCSwiftPackageProductDependency;
			package = 32695A932766B50F0010C949 /* XCRemoteSwiftPackageReference "Moya" */;
			productName = CombineMoya;
		};
/* End XCSwiftPackageProductDependency section */
	};
	rootObject = 32CF11602762A3AB000BBB02 /* Project object */;
}
